
Microsoft Visual Studio Solution File, Format Version 12.00
# Visual Studio Version 16
VisualStudioVersion = 16.0.29324.140
MinimumVisualStudioVersion = 10.0.40219.1
Project("{FAE04EC0-301F-11D3-BF4B-00C04F79EFBC}") = "Monopoly", "Monopoly\Monopoly.csproj", "{3D6875D6-E7C1-4C6D-A3D9-34D4D79AAC7F}"
EndProject
Global
	GlobalSection(SolutionConfigurationPlatforms) = preSolution
		Debug|Any CPU = Debug|Any CPU
		Release|Any CPU = Release|Any CPU
	EndGlobalSection
	GlobalSection(ProjectConfigurationPlatforms) = postSolution
		{3D6875D6-E7C1-4C6D-A3D9-34D4D79AAC7F}.Debug|Any CPU.ActiveCfg = Debug|Any CPU
		{3D6875D6-E7C1-4C6D-A3D9-34D4D79AAC7F}.Debug|Any CPU.Build.0 = Debug|Any CPU
		{3D6875D6-E7C1-4C6D-A3D9-34D4D79AAC7F}.Release|Any CPU.ActiveCfg = Release|Any CPU
		{3D6875D6-E7C1-4C6D-A3D9-34D4D79AAC7F}.Release|Any CPU.Build.0 = Release|Any CPU
	EndGlobalSection
	GlobalSection(SolutionProperties) = preSolution
		HideSolutionNode = FALSE
	EndGlobalSection
	GlobalSection(ExtensibilityGlobals) = postSolution
		SolutionGuid = {B36B0730-1696-4E9E-9390-915B05E6CB66}
	EndGlobalSection
EndGlobal
